github.com/consensys/gnark v0.8.1/go.mod h1:PsGdLgX5nBy9EsDbqBkvTncZbfT69MizMsveGAsHBbo=
github.com/consensys/gnark-crypto v0.11.2/go.mod h1:v2Gy7L/4ZRosZ7Ivs+9SfUDr0f5UlG+EM5t7MPHiLuY=
github.com/consensys/gnark-crypto v0.12.1 h1:lHH39WuuFgVHONRl3J0LRBtuYdQTumFSDtJF7HpyG8M=
github.com/consensys/gnark-crypto v0.12.1/go.mod h1:v2Gy7L/4ZRosZ7Ivs+9SfUDr0f5UlG+EM5t7MPHiLuY=
